{
  "version": 2,
  "dependencies": {
    "net8.0": {
      "RhinoCommon": {
        "type": "Direct",
        "requested": "[8.34.26223.11001, )",
        "resolved": "8.34.26223.11001",
        "contentHash": "2C3O6JuoT+iAcgoOGoB0nr193JyjROWTgijGCycA/DZWLTvGNtLBYeERrZ5fiL+zcLJiBd9R2erkqvcMbmKWfA==",
        "dependencies": {
          "System.Drawing.Common": "7.0.0"
        }
      },
      "RhinoFoundry.UI": {
        "type": "Direct",
        "requested": "[0.3.0-preview.40, )",
        "resolved": "0.3.0-preview.40",
        "contentHash": "XANM86tjAOFGWlwUeD6wHf8y1rbBU9NJrM7UaeyZ7iug+sm7ebRhUMOjvmbpFFHL1WwgV0op8gSGvRq64FJJdw==",
        "dependencies": {
          "Markdig": "0.37.0",
          "RhinoCommon": "8.34.26223.11001",
          "RhinoFoundry.UI.Primitives": "0.3.0-preview.40"
        }
      },
      "Markdig": {
        "type": "Transitive",
        "resolved": "0.37.0",
        "contentHash": "biiu4MTPFjW55qw6v5Aphtj0MjDLJ14x8ndZwkJUHIeqvaSGKeqhLY7S7Vu/S3k7/c9KwhhnaCDP9hdFNUhcNA=="
      },
      "Microsoft.Win32.SystemEvents": {
        "type": "Transitive",
        "resolved": "7.0.0",
        "contentHash": "2nXPrhdAyAzir0gLl8Yy8S5Mnm/uBSQQA7jEsILOS1MTyS7DbmV1NgViMtvV1sfCD1ebITpNwb1NIinKeJgUVQ=="
      },
      "System.Drawing.Common": {
        "type": "Transitive",
        "resolved": "7.0.0",
        "contentHash": "KIX+oBU38pxkKPxvLcLfIkOV5Ien8ReN78wro7OF5/erwcmortzeFx+iBswlh2Vz6gVne0khocQudGwaO1Ey6A==",
        "dependencies": {
          "Microsoft.Win32.SystemEvents": "7.0.0"
        }
      },
      "rhinolayoutfoundry.core": {
        "type": "Project",
        "dependencies": {
          "RhinoFoundry.UI.Primitives": "[0.3.0-preview.40, )"
        }
      },
      "rhinolayoutfoundry.extensibility": {
        "type": "Project",
        "dependencies": {
          "RhinoLayoutFoundry.Core": "[0.1.0-beta.1, )"
        }
      },
      "RhinoFoundry.UI.Primitives": {
        "type": "CentralTransitive",
        "requested": "[0.3.0-preview.40, )",
        "resolved": "0.3.0-preview.40",
        "contentHash": "7ISWrU/x5bbVDOyK3ndsHGYpSQNPilzvRxiVXzNzASNeSRfuu4o7hlR1GHHg3HXSAnZiisPjTFXZm25FUfM12A=="
      }
    }
  }
}