{
  "version": 2,
  "dependencies": {
    "net8.0": {
      "RhinoFoundry.UI.Primitives": {
        "type": "Direct",
        "requested": "[0.3.0-preview.4, )",
        "resolved": "0.3.0-preview.4",
        "contentHash": "zELIMaz255GUEIkqYbDUBJxKWMfFVXv4vRoprzxpPko2w4P1Fg0yuFm7IIsxtAa2LOimJDvHRyr31rFhPKSxFg=="
      }
    }
  }
}