{
  "version": 2,
  "dependencies": {
    "net8.0": {
      "RhinoFoundry.UI.Primitives": {
        "type": "Direct",
        "requested": "[0.3.0-preview.7, )",
        "resolved": "0.3.0-preview.7",
        "contentHash": "mnEjl1YCMndsWWHBkzOaqHRfz1Prbn5M4th6K3QEIFyH6otJk4OCZg1mpzBcGk88YKjqCyu/UpHpg784xPRrZg=="
      }
    }
  }
}